
Microsoft Visual Studio Solution File, Format Version 12.00
# Visual Studio Version 17
VisualStudioVersion = 17.8.34408.163
MinimumVisualStudioVersion = 10.0.40219.1
Project("{FAE04EC0-301F-11D3-BF4B-00C04F79EFBC}") = "TCPEchoServer", "Lab05_Socket\TCPEchoServer.csproj", "{A7E63285-998A-454D-B107-5E9AC9338696}"
EndProject
Project("{FAE04EC0-301F-11D3-BF4B-00C04F79EFBC}") = "TCPEchoClient", "TCPEchoClient\TCPEchoClient.csproj", "{70B39A1D-2B52-447E-A18F-06BA4E251625}"
EndProject
Global
	GlobalSection(SolutionConfigurationPlatforms) = preSolution
		Debug|Any CPU = Debug|Any CPU
		Release|Any CPU = Release|Any CPU
	EndGlobalSection
	GlobalSection(ProjectConfigurationPlatforms) = postSolution
		{A7E63285-998A-454D-B107-5E9AC9338696}.Debug|Any CPU.ActiveCfg = Debug|Any CPU
		{A7E63285-998A-454D-B107-5E9AC9338696}.Debug|Any CPU.Build.0 = Debug|Any CPU
		{A7E63285-998A-454D-B107-5E9AC9338696}.Release|Any CPU.ActiveCfg = Release|Any CPU
		{A7E63285-998A-454D-B107-5E9AC9338696}.Release|Any CPU.Build.0 = Release|Any CPU
		{70B39A1D-2B52-447E-A18F-06BA4E251625}.Debug|Any CPU.ActiveCfg = Debug|Any CPU
		{70B39A1D-2B52-447E-A18F-06BA4E251625}.Debug|Any CPU.Build.0 = Debug|Any CPU
		{70B39A1D-2B52-447E-A18F-06BA4E251625}.Release|Any CPU.ActiveCfg = Release|Any CPU
		{70B39A1D-2B52-447E-A18F-06BA4E251625}.Release|Any CPU.Build.0 = Release|Any CPU
	EndGlobalSection
	GlobalSection(SolutionProperties) = preSolution
		HideSolutionNode = FALSE
	EndGlobalSection
	GlobalSection(ExtensibilityGlobals) = postSolution
		SolutionGuid = {C665C6BE-8E0A-4284-A5AA-39DDF6E78854}
	EndGlobalSection
EndGlobal
